
Microsoft Visual Studio Solution File, Format Version 12.00
# Visual Studio Version 17
VisualStudioVersion = 17.7.34024.191
MinimumVisualStudioVersion = 10.0.40219.1
Project("{FAE04EC0-301F-11D3-BF4B-00C04F79EFBC}") = "OOPDolgozat", "OOPDolgozat\OOPDolgozat.csproj", "{3F3B9EED-74C5-4C46-AB16-0BE9A0FFC9F9}"
EndProject
Global
	GlobalSection(SolutionConfigurationPlatforms) = preSolution
		Debug|Any CPU = Debug|Any CPU
		Release|Any CPU = Release|Any CPU
	EndGlobalSection
	GlobalSection(ProjectConfigurationPlatforms) = postSolution
		{3F3B9EED-74C5-4C46-AB16-0BE9A0FFC9F9}.Debug|Any CPU.ActiveCfg = Debug|Any CPU
		{3F3B9EED-74C5-4C46-AB16-0BE9A0FFC9F9}.Debug|Any CPU.Build.0 = Debug|Any CPU
		{3F3B9EED-74C5-4C46-AB16-0BE9A0FFC9F9}.Release|Any CPU.ActiveCfg = Release|Any CPU
		{3F3B9EED-74C5-4C46-AB16-0BE9A0FFC9F9}.Release|Any CPU.Build.0 = Release|Any CPU
	EndGlobalSection
	GlobalSection(SolutionProperties) = preSolution
		HideSolutionNode = FALSE
	EndGlobalSection
	GlobalSection(ExtensibilityGlobals) = postSolution
		SolutionGuid = {40E80326-BF57-4BE8-8181-A61284DDC11D}
	EndGlobalSection
EndGlobal
